
Microsoft Visual Studio Solution File, Format Version 12.00
# Visual Studio Version 16
VisualStudioVersion = 16.0.30204.135
MinimumVisualStudioVersion = 10.0.40219.1
Project("{9A19103F-16F7-4668-BE54-9A1E7A4F7556}") = "EFGetStarted", "EFGetStarted\EFGetStarted.csproj", "{93B5C2EF-CE77-4DDB-B413-0FE8C286DE8F}"
EndProject
Project("{9A19103F-16F7-4668-BE54-9A1E7A4F7556}") = "BlogApp", "BlogApp\BlogApp.csproj", "{47906D65-F586-46C0-A6FF-0FB9A3B1BAF8}"
	ProjectSection(ProjectDependencies) = postProject
		{93B5C2EF-CE77-4DDB-B413-0FE8C286DE8F} = {93B5C2EF-CE77-4DDB-B413-0FE8C286DE8F}
	EndProjectSection
EndProject
Project("{9A19103F-16F7-4668-BE54-9A1E7A4F7556}") = "WPFLayer", "WPFLayer\WPFLayer.csproj", "{5D35F9A2-07A9-415D-AC50-7D2118291B96}"
	ProjectSection(ProjectDependencies) = postProject
		{47906D65-F586-46C0-A6FF-0FB9A3B1BAF8} = {47906D65-F586-46C0-A6FF-0FB9A3B1BAF8}
	EndProjectSection
EndProject
Project("{FAE04EC0-301F-11D3-BF4B-00C04F79EFBC}") = "BusinessLayerTests", "BusinessLayerTests\BusinessLayerTests.csproj", "{93648562-1479-4973-A36E-80E77500356E}"
EndProject
Global
	GlobalSection(SolutionConfigurationPlatforms) = preSolution
		Debug|Any CPU = Debug|Any CPU
		Release|Any CPU = Release|Any CPU
	EndGlobalSection
	GlobalSection(ProjectConfigurationPlatforms) = postSolution
		{93B5C2EF-CE77-4DDB-B413-0FE8C286DE8F}.Debug|Any CPU.ActiveCfg = Debug|Any CPU
		{93B5C2EF-CE77-4DDB-B413-0FE8C286DE8F}.Debug|Any CPU.Build.0 = Debug|Any CPU
		{93B5C2EF-CE77-4DDB-B413-0FE8C286DE8F}.Release|Any CPU.ActiveCfg = Release|Any CPU
		{93B5C2EF-CE77-4DDB-B413-0FE8C286DE8F}.Release|Any CPU.Build.0 = Release|Any CPU
		{47906D65-F586-46C0-A6FF-0FB9A3B1BAF8}.Debug|Any CPU.ActiveCfg = Debug|Any CPU
		{47906D65-F586-46C0-A6FF-0FB9A3B1BAF8}.Debug|Any CPU.Build.0 = Debug|Any CPU
		{47906D65-F586-46C0-A6FF-0FB9A3B1BAF8}.Release|Any CPU.ActiveCfg = Release|Any CPU
		{47906D65-F586-46C0-A6FF-0FB9A3B1BAF8}.Release|Any CPU.Build.0 = Release|Any CPU
		{5D35F9A2-07A9-415D-AC50-7D2118291B96}.Debug|Any CPU.ActiveCfg = Debug|Any CPU
		{5D35F9A2-07A9-415D-AC50-7D2118291B96}.Debug|Any CPU.Build.0 = Debug|Any CPU
		{5D35F9A2-07A9-415D-AC50-7D2118291B96}.Release|Any CPU.ActiveCfg = Release|Any CPU
		{5D35F9A2-07A9-415D-AC50-7D2118291B96}.Release|Any CPU.Build.0 = Release|Any CPU
		{93648562-1479-4973-A36E-80E77500356E}.Debug|Any CPU.ActiveCfg = Debug|Any CPU
		{93648562-1479-4973-A36E-80E77500356E}.Debug|Any CPU.Build.0 = Debug|Any CPU
		{93648562-1479-4973-A36E-80E77500356E}.Release|Any CPU.ActiveCfg = Release|Any CPU
		{93648562-1479-4973-A36E-80E77500356E}.Release|Any CPU.Build.0 = Release|Any CPU
	EndGlobalSection
	GlobalSection(SolutionProperties) = preSolution
		HideSolutionNode = FALSE
	EndGlobalSection
	GlobalSection(ExtensibilityGlobals) = postSolution
		SolutionGuid = {72042143-13A6-4420-8901-D5DD12BA970D}
	EndGlobalSection
EndGlobal
